// !$*UTF8*$!
{
	archiveVersion = 1;
	classes = {
	};
	objectVersion = 46;
	objects = {

/* Begin PBXBuildFile section */
		6303C35D1CB2704E00D3CB07 /* main.m in Sources */ = {isa = PBXBuildFile; fileRef = 6303C35C1CB2704E00D3CB07 /* main.m */; };
		6303C3601CB2704E00D3CB07 /* AppDelegate.m in Sources */ = {isa = PBXBuildFile; fileRef = 6303C35F1CB2704E00D3CB07 /* AppDelegate.m */; };
		6303C3631CB2704E00D3CB07 /* ViewController.m in Sources */ = {isa = PBXBuildFile; fileRef = 6303C3621CB2704E00D3CB07 /* ViewController.m */; };
		6303C3661CB2704E00D3CB07 /* Main.storyboard in Resources */ = {isa = PBXBuildFile; fileRef = 6303C3641CB2704E00D3CB07 /* Main.storyboard */; };
		6303C3681CB2704E00D3CB07 /* Assets.xcassets in Resources */ = {isa = PBXBuildFile; fileRef = 6303C3671CB2704E00D3CB07 /* Assets.xcassets */; };
		6303C36B1CB2704E00D3CB07 /* LaunchScreen.storyboard in Resources */ = {isa = PBXBuildFile; fileRef = 6303C3691CB2704E00D3CB07 /* LaunchScreen.storyboard */; };
		6303C3741CB270FA00D3CB07 /* TradeItIosTicketSDK.bundle in Resources */ = {isa = PBXBuildFile; fileRef = 6303C3721CB270FA00D3CB07 /* TradeItIosTicketSDK.bundle */; };
		6303C3751CB270FA00D3CB07 /* TradeItIosTicketSDK.framework in Frameworks */ = {isa = PBXBuildFile; fileRef = 6303C3731CB270FA00D3CB07 /* TradeItIosTicketSDK.framework */; };
		6303C3771CB2718000D3CB07 /* LocalAuthentication.framework in Frameworks */ = {isa = PBXBuildFile; fileRef = 6303C3761CB2718000D3CB07 /* LocalAuthentication.framework */; };
		63A943E51CBF862B008CFAE1 /* TestViewController.m in Sources */ = {isa = PBXBuildFile; fileRef = 63A943E41CBF862B008CFAE1 /* TestViewController.m */; };
		63A943EB1CBF8803008CFAE1 /* CustomNavVC.m in Sources */ = {isa = PBXBuildFile; fileRef = 63A943EA1CBF8803008CFAE1 /* CustomNavVC.m */; };
/* End PBXBuildFile section */

/* Begin PBXFileReference section */
		6303C3581CB2704E00D3CB07 /* TradeItTest.app */ = {isa = PBXFileReference; explicitFileType = wrapper.application; includeInIndex = 0; path = TradeItTest.app; sourceTree = BUILT_PRODUCTS_DIR; };
		6303C35C1CB2704E00D3CB07 /* main.m */ = {isa = PBXFileReference; lastKnownFileType = sourcecode.c.objc; path = main.m; sourceTree = "<group>"; };
		6303C35E1CB2704E00D3CB07 /* AppDelegate.h */ = {isa = PBXFileReference; lastKnownFileType = sourcecode.c.h; path = AppDelegate.h; sourceTree = "<group>"; };
		6303C35F1CB2704E00D3CB07 /* AppDelegate.m */ = {isa = PBXFileReference; lastKnownFileType = sourcecode.c.objc; path = AppDelegate.m; sourceTree = "<group>"; };
		6303C3611CB2704E00D3CB07 /* ViewController.h */ = {isa = PBXFileReference; lastKnownFileType = sourcecode.c.h; path = ViewController.h; sourceTree = "<group>"; };
		6303C3621CB2704E00D3CB07 /* ViewController.m */ = {isa = PBXFileReference; lastKnownFileType = sourcecode.c.objc; path = ViewController.m; sourceTree = "<group>"; };
		6303C3651CB2704E00D3CB07 /* Base */ = {isa = PBXFileReference; lastKnownFileType = file.storyboard; name = Base; path = Base.lproj/Main.storyboard; sourceTree = "<group>"; };
		6303C3671CB2704E00D3CB07 /* Assets.xcassets */ = {isa = PBXFileReference; lastKnownFileType = folder.assetcatalog; path = Assets.xcassets; sourceTree = "<group>"; };
		6303C36A1CB2704E00D3CB07 /* Base */ = {isa = PBXFileReference; lastKnownFileType = file.storyboard; name = Base; path = Base.lproj/LaunchScreen.storyboard; sourceTree = "<group>"; };
		6303C36C1CB2704E00D3CB07 /* Info.plist */ = {isa = PBXFileReference; lastKnownFileType = text.plist.xml; path = Info.plist; sourceTree = "<group>"; };
		6303C3721CB270FA00D3CB07 /* TradeItIosTicketSDK.bundle */ = {isa = PBXFileReference; lastKnownFileType = "wrapper.plug-in"; path = TradeItIosTicketSDK.bundle; sourceTree = "<group>"; };
		6303C3731CB270FA00D3CB07 /* TradeItIosTicketSDK.framework */ = {isa = PBXFileReference; lastKnownFileType = wrapper.framework; path = TradeItIosTicketSDK.framework; sourceTree = "<group>"; };
		6303C3761CB2718000D3CB07 /* LocalAuthentication.framework */ = {isa = PBXFileReference; lastKnownFileType = wrapper.framework; name = LocalAuthentication.framework; path = System/Library/Frameworks/LocalAuthentication.framework; sourceTree = SDKROOT; };
		63A943E31CBF862B008CFAE1 /* TestViewController.h */ = {isa = PBXFileReference; fileEncoding = 4; lastKnownFileType = sourcecode.c.h; path = TestViewController.h; sourceTree = "<group>"; };
		63A943E41CBF862B008CFAE1 /* TestViewController.m */ = {isa = PBXFileReference; fileEncoding = 4; lastKnownFileType = sourcecode.c.objc; path = TestViewController.m; sourceTree = "<group>"; };
		63A943E91CBF8803008CFAE1 /* CustomNavVC.h */ = {isa = PBXFileReference; fileEncoding = 4; lastKnownFileType = sourcecode.c.h; path = CustomNavVC.h; sourceTree = "<group>"; };
		63A943EA1CBF8803008CFAE1 /* CustomNavVC.m */ = {isa = PBXFileReference; fileEncoding = 4; lastKnownFileType = sourcecode.c.objc; path = CustomNavVC.m; sourceTree = "<group>"; };
/* End PBXFileReference section */

/* Begin PBXFrameworksBuildPhase section */
		6303C3551CB2704E00D3CB07 /* Frameworks */ = {
			isa = PBXFrameworksBuildPhase;
			buildActionMask = 2147483647;
			files = (
				6303C3771CB2718000D3CB07 /* LocalAuthentication.framework in Frameworks */,
				6303C3751CB270FA00D3CB07 /* TradeItIosTicketSDK.framework in Frameworks */,
			);
			runOnlyForDeploymentPostprocessing = 0;
		};
/* End PBXFrameworksBuildPhase section */

/* Begin PBXGroup section */
		6303C34F1CB2704E00D3CB07 = {
			isa = PBXGroup;
			children = (
				6303C3761CB2718000D3CB07 /* LocalAuthentication.framework */,
				6303C35A1CB2704E00D3CB07 /* TradeItTest */,
				6303C3591CB2704E00D3CB07 /* Products */,
			);
			sourceTree = "<group>";
		};
		6303C3591CB2704E00D3CB07 /* Products */ = {
			isa = PBXGroup;
			children = (
				6303C3581CB2704E00D3CB07 /* TradeItTest.app */,
			);
			name = Products;
			sourceTree = "<group>";
		};
		6303C35A1CB2704E00D3CB07 /* TradeItTest */ = {
			isa = PBXGroup;
			children = (
				6303C3721CB270FA00D3CB07 /* TradeItIosTicketSDK.bundle */,
				6303C3731CB270FA00D3CB07 /* TradeItIosTicketSDK.framework */,
				6303C35E1CB2704E00D3CB07 /* AppDelegate.h */,
				6303C35F1CB2704E00D3CB07 /* AppDelegate.m */,
				6303C3611CB2704E00D3CB07 /* ViewController.h */,
				6303C3621CB2704E00D3CB07 /* ViewController.m */,
				6303C3641CB2704E00D3CB07 /* Main.storyboard */,
				6303C3671CB2704E00D3CB07 /* Assets.xcassets */,
				6303C3691CB2704E00D3CB07 /* LaunchScreen.storyboard */,
				6303C36C1CB2704E00D3CB07 /* Info.plist */,
				6303C35B1CB2704E00D3CB07 /* Supporting Files */,
				63A943E31CBF862B008CFAE1 /* TestViewController.h */,
				63A943E41CBF862B008CFAE1 /* TestViewController.m */,
				63A943E91CBF8803008CFAE1 /* CustomNavVC.h */,
				63A943EA1CBF8803008CFAE1 /* CustomNavVC.m */,
			);
			path = TradeItTest;
			sourceTree = "<group>";
		};
		6303C35B1CB2704E00D3CB07 /* Supporting Files */ = {
			isa = PBXGroup;
			children = (
				6303C35C1CB2704E00D3CB07 /* main.m */,
			);
			name = "Supporting Files";
			sourceTree = "<group>";
		};
/* End PBXGroup section */

/* Begin PBXNativeTarget section */
		6303C3571CB2704E00D3CB07 /* TradeItTest */ = {
			isa = PBXNativeTarget;
			buildConfigurationList = 6303C36F1CB2704E00D3CB07 /* Build configuration list for PBXNativeTarget "TradeItTest" */;
			buildPhases = (
				6303C3541CB2704E00D3CB07 /* Sources */,
				6303C3551CB2704E00D3CB07 /* Frameworks */,
				6303C3561CB2704E00D3CB07 /* Resources */,
			);
			buildRules = (
			);
			dependencies = (
			);
			name = TradeItTest;
			productName = TradeItTest;
			productReference = 6303C3581CB2704E00D3CB07 /* TradeItTest.app */;
			productType = "com.apple.product-type.application";
		};
/* End PBXNativeTarget section */

/* Begin PBXProject section */
		6303C3501CB2704E00D3CB07 /* Project object */ = {
			isa = PBXProject;
			attributes = {
				LastUpgradeCheck = 0730;
				ORGANIZATIONNAME = "Alex Antonyuk";
				TargetAttributes = {
					6303C3571CB2704E00D3CB07 = {
						CreatedOnToolsVersion = 7.3;
					};
				};
			};
			buildConfigurationList = 6303C3531CB2704E00D3CB07 /* Build configuration list for PBXProject "TradeItTest" */;
			compatibilityVersion = "Xcode 3.2";
			developmentRegion = English;
			hasScannedForEncodings = 0;
			knownRegions = (
				en,
				Base,
			);
			mainGroup = 6303C34F1CB2704E00D3CB07;
			productRefGroup = 6303C3591CB2704E00D3CB07 /* Products */;
			projectDirPath = "";
			projectRoot = "";
			targets = (
				6303C3571CB2704E00D3CB07 /* TradeItTest */,
			);
		};
/* End PBXProject section */

/* Begin PBXResourcesBuildPhase section */
		6303C3561CB2704E00D3CB07 /* Resources */ = {
			isa = PBXResourcesBuildPhase;
			buildActionMask = 2147483647;
			files = (
				6303C3741CB270FA00D3CB07 /* TradeItIosTicketSDK.bundle in Resources */,
				6303C36B1CB2704E00D3CB07 /* LaunchScreen.storyboard in Resources */,
				6303C3681CB2704E00D3CB07 /* Assets.xcassets in Resources */,
				6303C3661CB2704E00D3CB07 /* Main.storyboard in Resources */,
			);
			runOnlyForDeploymentPostprocessing = 0;
		};
/* End PBXResourcesBuildPhase section */

/* Begin PBXSourcesBuildPhase section */
		6303C3541CB2704E00D3CB07 /* Sources */ = {
			isa = PBXSourcesBuildPhase;
			buildActionMask = 2147483647;
			files = (
				6303C3631CB2704E00D3CB07 /* ViewController.m in Sources */,
				6303C3601CB2704E00D3CB07 /* AppDelegate.m in Sources */,
				63A943EB1CBF8803008CFAE1 /* CustomNavVC.m in Sources */,
				63A943E51CBF862B008CFAE1 /* TestViewController.m in Sources */,
				6303C35D1CB2704E00D3CB07 /* main.m in Sources */,
			);
			runOnlyForDeploymentPostprocessing = 0;
		};
/* End PBXSourcesBuildPhase section */

/* Begin PBXVariantGroup section */
		6303C3641CB2704E00D3CB07 /* Main.storyboard */ = {
			isa = PBXVariantGroup;
			children = (
				6303C3651CB2704E00D3CB07 /* Base */,
			);
			name = Main.storyboard;
			sourceTree = "<group>";
		};
		6303C3691CB2704E00D3CB07 /* LaunchScreen.storyboard */ = {
			isa = PBXVariantGroup;
			children = (
				6303C36A1CB2704E00D3CB07 /* Base */,
			);
			name = LaunchScreen.storyboard;
			sourceTree = "<group>";
		};
/* End PBXVariantGroup section */

/* Begin XCBuildConfiguration section */
		6303C36D1CB2704E00D3CB07 /* Debug */ = {
			isa = XCBuildConfiguration;
			buildSettings = {
				ALWAYS_SEARCH_USER_PATHS = NO;
				CLANG_ANALYZER_NONNULL = YES;
				CLANG_CXX_LANGUAGE_STANDARD = "gnu++0x";
				CLANG_CXX_LIBRARY = "libc++";
				CLANG_ENABLE_MODULES = YES;
				CLANG_ENABLE_OBJC_ARC = YES;
				CLANG_WARN_BOOL_CONVERSION = YES;
				CLANG_WARN_CONSTANT_CONVERSION = YES;
				CLANG_WARN_DIRECT_OBJC_ISA_USAGE = YES_ERROR;
				CLANG_WARN_EMPTY_BODY = YES;
				CLANG_WARN_ENUM_CONVERSION = YES;
				CLANG_WARN_INT_CONVERSION = YES;
				CLANG_WARN_OBJC_ROOT_CLASS = YES_ERROR;
				CLANG_WARN_UNREACHABLE_CODE = YES;
				CLANG_WARN__DUPLICATE_METHOD_MATCH = YES;
				"CODE_SIGN_IDENTITY[sdk=iphoneos*]" = "iPhone Developer";
				COPY_PHASE_STRIP = NO;
				DEBUG_INFORMATION_FORMAT = dwarf;
				ENABLE_STRICT_OBJC_MSGSEND = YES;
				ENABLE_TESTABILITY = YES;
				GCC_C_LANGUAGE_STANDARD = gnu99;
				GCC_DYNAMIC_NO_PIC = NO;
				GCC_NO_COMMON_BLOCKS = YES;
				GCC_OPTIMIZATION_LEVEL = 0;
				GCC_PREPROCESSOR_DEFINITIONS = (
					"DEBUG=1",
					"$(inherited)",
				);
				GCC_WARN_64_TO_32_BIT_CONVERSION = YES;
				GCC_WARN_ABOUT_RETURN_TYPE = YES_ERROR;
				GCC_WARN_UNDECLARED_SELECTOR = YES;
				GCC_WARN_UNINITIALIZED_AUTOS = YES_AGGRESSIVE;
				GCC_WARN_UNUSED_FUNCTION = YES;
				GCC_WARN_UNUSED_VARIABLE = YES;
				IPHONEOS_DEPLOYMENT_TARGET = 9.0;
				MTL_ENABLE_DEBUG_INFO = YES;
				ONLY_ACTIVE_ARCH = YES;
				SDKROOT = iphoneos;
			};
			name = Debug;
		};
		6303C36E1CB2704E00D3CB07 /* Release */ = {
			isa = XCBuildConfiguration;
			buildSettings = {
				ALWAYS_SEARCH_USER_PATHS = NO;
				CLANG_ANALYZER_NONNULL = YES;
				CLANG_CXX_LANGUAGE_STANDARD = "gnu++0x";
				CLANG_CXX_LIBRARY = "libc++";
				CLANG_ENABLE_MODULES = YES;
				CLANG_ENABLE_OBJC_ARC = YES;
				CLANG_WARN_BOOL_CONVERSION = YES;
				CLANG_WARN_CONSTANT_CONVERSION = YES;
				CLANG_WARN_DIRECT_OBJC_ISA_USAGE = YES_ERROR;
				CLANG_WARN_EMPTY_BODY = YES;
				CLANG_WARN_ENUM_CONVERSION = YES;
				CLANG_WARN_INT_CONVERSION = YES;
				CLANG_WARN_OBJC_ROOT_CLASS = YES_ERROR;
				CLANG_WARN_UNREACHABLE_CODE = YES;
				CLANG_WARN__DUPLICATE_METHOD_MATCH = YES;
				"CODE_SIGN_IDENTITY[sdk=iphoneos*]" = "iPhone Developer";
				COPY_PHASE_STRIP = NO;
				DEBUG_INFORMATION_FORMAT = "dwarf-with-dsym";
				ENABLE_NS_ASSERTIONS = NO;
				ENABLE_STRICT_OBJC_MSGSEND = YES;
				GCC_C_LANGUAGE_STANDARD = gnu99;
				GCC_NO_COMMON_BLOCKS = YES;
				GCC_WARN_64_TO_32_BIT_CONVERSION = YES;
				GCC_WARN_ABOUT_RETURN_TYPE = YES_ERROR;
				GCC_WARN_UNDECLARED_SELECTOR = YES;
				GCC_WARN_UNINITIALIZED_AUTOS = YES_AGGRESSIVE;
				GCC_WARN_UNUSED_FUNCTION = YES;
				GCC_WARN_UNUSED_VARIABLE = YES;
				IPHONEOS_DEPLOYMENT_TARGET = 9.0;
				MTL_ENABLE_DEBUG_INFO = NO;
				SDKROOT = iphoneos;
				VALIDATE_PRODUCT = YES;
			};
			name = Release;
		};
		6303C3701CB2704E00D3CB07 /* Debug */ = {
			isa = XCBuildConfiguration;
			buildSettings = {
				ASSETCATALOG_COMPILER_APPICON_NAME = AppIcon;
				FRAMEWORK_SEARCH_PATHS = (
					"$(inherited)",
					"$(PROJECT_DIR)/TradeItTest",
				);
				INFOPLIST_FILE = TradeItTest/Info.plist;
				LD_RUNPATH_SEARCH_PATHS = "$(inherited) @executable_path/Frameworks";
				PRODUCT_BUNDLE_IDENTIFIER = me.antonyuk.TradeItTest;
				PRODUCT_NAME = "$(TARGET_NAME)";
				TARGETED_DEVICE_FAMILY = "1,2";
			};
			name = Debug;
		};
		6303C3711CB2704E00D3CB07 /* Release */ = {
			isa = XCBuildConfiguration;
			buildSettings = {
				ASSETCATALOG_COMPILER_APPICON_NAME = AppIcon;
				FRAMEWORK_SEARCH_PATHS = (
					"$(inherited)",
					"$(PROJECT_DIR)/TradeItTest",
				);
				INFOPLIST_FILE = TradeItTest/Info.plist;
				LD_RUNPATH_SEARCH_PATHS = "$(inherited) @executable_path/Frameworks";
				PRODUCT_BUNDLE_IDENTIFIER = me.antonyuk.TradeItTest;
				PRODUCT_NAME = "$(TARGET_NAME)";
				TARGETED_DEVICE_FAMILY = "1,2";
			};
			name = Release;
		};
/* End XCBuildConfiguration section */

/* Begin XCConfigurationList section */
		6303C3531CB2704E00D3CB07 /* Build configuration list for PBXProject "TradeItTest" */ = {
			isa = XCConfigurationList;
			buildConfigurations = (
				6303C36D1CB2704E00D3CB07 /* Debug */,
				6303C36E1CB2704E00D3CB07 /* Release */,
			);
			defaultConfigurationIsVisible = 0;
			defaultConfigurationName = Release;
		};
		6303C36F1CB2704E00D3CB07 /* Build configuration list for PBXNativeTarget "TradeItTest" */ = {
			isa = XCConfigurationList;
			buildConfigurations = (
				6303C3701CB2704E00D3CB07 /* Debug */,
				6303C3711CB2704E00D3CB07 /* Release */,
			);
			defaultConfigurationIsVisible = 0;
			defaultConfigurationName = Release;
		};
/* End XCConfigurationList section */
	};
	rootObject = 6303C3501CB2704E00D3CB07 /* Project object */;
}
